// !$*UTF8*$!
{
	archiveVersion = 1;
	classes = {
	};
	objectVersion = 46;
	objects = {

/* Begin PBXBuildFile section */
		83CF238222BFAB2900D568E5 /* mapViewController.swift in Sources */ = {isa = PBXBuildFile; fileRef = 83CF238122BFAB2900D568E5 /* mapViewController.swift */; };
		83CF238622BFDF7000D568E5 /* CoreLocation.framework in Frameworks */ = {isa = PBXBuildFile; fileRef = 83CF238522BFDF7000D568E5 /* CoreLocation.framework */; };
		83CF238822C000D000D568E5 /* Restaurants.storyboard in Resources */ = {isa = PBXBuildFile; fileRef = 83CF238722C000D000D568E5 /* Restaurants.storyboard */; };
		B8C3BBFAA001269097EBDCEB /* Pods_AdminApp.framework in Frameworks */ = {isa = PBXBuildFile; fileRef = 224283784F4CBD3CF4E4C6E3 /* Pods_AdminApp.framework */; };
		C3193F9322BEE13700168F58 /* AddRestuarantViewController.swift in Sources */ = {isa = PBXBuildFile; fileRef = C3193F9222BEE13700168F58 /* AddRestuarantViewController.swift */; };
		C3193F9522BEF73C00168F58 /* Restuarant.swift in Sources */ = {isa = PBXBuildFile; fileRef = C3193F9422BEF73C00168F58 /* Restuarant.swift */; };
		C3193F9722BEF78400168F58 /* RestuarantAdmin.swift in Sources */ = {isa = PBXBuildFile; fileRef = C3193F9622BEF78400168F58 /* RestuarantAdmin.swift */; };
		C3193F9922BF016000168F58 /* RestuarantDao.swift in Sources */ = {isa = PBXBuildFile; fileRef = C3193F9822BF016000168F58 /* RestuarantDao.swift */; };
		C3193F9B22BF84DA00168F58 /* AddRestuarantAdminViewController.swift in Sources */ = {isa = PBXBuildFile; fileRef = C3193F9A22BF84DA00168F58 /* AddRestuarantAdminViewController.swift */; };
		C336AC5C22BA947B00478403 /* ImageAPI.swift in Sources */ = {isa = PBXBuildFile; fileRef = C336AC5B22BA947B00478403 /* ImageAPI.swift */; };
		C336AC5E22BAA6BF00478403 /* VerificationViewController.swift in Sources */ = {isa = PBXBuildFile; fileRef = C336AC5D22BAA6BF00478403 /* VerificationViewController.swift */; };
		C336AC6222BADA1C00478403 /* imgeIDCollectionViewCell.swift in Sources */ = {isa = PBXBuildFile; fileRef = C336AC6122BADA1C00478403 /* imgeIDCollectionViewCell.swift */; };
		C35E380E22A36E7A0069DFAF /* AdminDao.swift in Sources */ = {isa = PBXBuildFile; fileRef = C35E380D22A36E7A0069DFAF /* AdminDao.swift */; };
		C35E381022A36FB50069DFAF /* AdminAPI.swift in Sources */ = {isa = PBXBuildFile; fileRef = C35E380F22A36FB50069DFAF /* AdminAPI.swift */; };
		C35E381222A375EA0069DFAF /* AdminDelegate.swift in Sources */ = {isa = PBXBuildFile; fileRef = C35E381122A375EA0069DFAF /* AdminDelegate.swift */; };
		C35E381422A3786E0069DFAF /* UserDao.swift in Sources */ = {isa = PBXBuildFile; fileRef = C35E381322A3786E0069DFAF /* UserDao.swift */; };
		C36F131822BBD419009773FB /* UsersListDelegate.swift in Sources */ = {isa = PBXBuildFile; fileRef = C36F131722BBD419009773FB /* UsersListDelegate.swift */; };
		C3779C5C22D1934700EA6F09 /* InquiryDetailsViewController.swift in Sources */ = {isa = PBXBuildFile; fileRef = C3779C5B22D1934700EA6F09 /* InquiryDetailsViewController.swift */; };
		C3779C5E22D2825900EA6F09 /* Dashboard.storyboard in Resources */ = {isa = PBXBuildFile; fileRef = C3779C5D22D2825900EA6F09 /* Dashboard.storyboard */; };
		C37F80C622A1269900BAFE40 /* AppDelegate.swift in Sources */ = {isa = PBXBuildFile; fileRef = C37F80C522A1269900BAFE40 /* AppDelegate.swift */; };
		C37F80C822A1269900BAFE40 /* ViewController.swift in Sources */ = {isa = PBXBuildFile; fileRef = C37F80C722A1269900BAFE40 /* ViewController.swift */; };
		C37F80CB22A1269900BAFE40 /* Main.storyboard in Resources */ = {isa = PBXBuildFile; fileRef = C37F80C922A1269900BAFE40 /* Main.storyboard */; };
		C37F80CD22A1269900BAFE40 /* Assets.xcassets in Resources */ = {isa = PBXBuildFile; fileRef = C37F80CC22A1269900BAFE40 /* Assets.xcassets */; };
		C37F80D022A1269900BAFE40 /* LaunchScreen.storyboard in Resources */ = {isa = PBXBuildFile; fileRef = C37F80CE22A1269900BAFE40 /* LaunchScreen.storyboard */; };
		C37F80DB22A1269900BAFE40 /* AdminAppTests.swift in Sources */ = {isa = PBXBuildFile; fileRef = C37F80DA22A1269900BAFE40 /* AdminAppTests.swift */; };
		C37F80E622A1269900BAFE40 /* AdminAppUITests.swift in Sources */ = {isa = PBXBuildFile; fileRef = C37F80E522A1269900BAFE40 /* AdminAppUITests.swift */; };
		C37F80FB22A15BA700BAFE40 /* Admin.swift in Sources */ = {isa = PBXBuildFile; fileRef = C37F80FA22A15BA700BAFE40 /* Admin.swift */; };
		C37F810022A169BE00BAFE40 /* User.swift in Sources */ = {isa = PBXBuildFile; fileRef = C37F80FF22A169BE00BAFE40 /* User.swift */; };
		C37F810222A17BF300BAFE40 /* DisplayUsersForVerifiedViewController.swift in Sources */ = {isa = PBXBuildFile; fileRef = C37F810122A17BF300BAFE40 /* DisplayUsersForVerifiedViewController.swift */; };
		C38183D822B93EE8001AA4FD /* DisplayUsersTableViewCell.swift in Sources */ = {isa = PBXBuildFile; fileRef = C38183D722B93EE8001AA4FD /* DisplayUsersTableViewCell.swift */; };
		C3819BFB22CFFE8600697411 /* Inquiry.swift in Sources */ = {isa = PBXBuildFile; fileRef = C3819BFA22CFFE8600697411 /* Inquiry.swift */; };
		C3819BFD22D0046700697411 /* InquiryDao.swift in Sources */ = {isa = PBXBuildFile; fileRef = C3819BFC22D0046700697411 /* InquiryDao.swift */; };
		C39254DE22C0EA7B00EF9A91 /* RoundedButton.swift in Sources */ = {isa = PBXBuildFile; fileRef = C39254DD22C0EA7B00EF9A91 /* RoundedButton.swift */; };
		C3A2B8E022CED13C000C0559 /* UpdateRestaurantViewController.swift in Sources */ = {isa = PBXBuildFile; fileRef = C3A2B8DF22CED13C000C0559 /* UpdateRestaurantViewController.swift */; };
		C3A2B8E222CED75B000C0559 /* InquiriesTableViewController.swift in Sources */ = {isa = PBXBuildFile; fileRef = C3A2B8E122CED75B000C0559 /* InquiriesTableViewController.swift */; };
		C3A2B8E422CEE022000C0559 /* UserInquiryTableViewCell.swift in Sources */ = {isa = PBXBuildFile; fileRef = C3A2B8E322CEE022000C0559 /* UserInquiryTableViewCell.swift */; };
		C3BF9A0822B5C43C00EADCC3 /* UrlQueries.swift in Sources */ = {isa = PBXBuildFile; fileRef = C3BF9A0722B5C43C00EADCC3 /* UrlQueries.swift */; };
		EC6E84A1489A6BA53780DB7C /* Pods_AdminAppUITests.framework in Frameworks */ = {isa = PBXBuildFile; fileRef = 0C34A9E58C6C9D8352DD62DD /* Pods_AdminAppUITests.framework */; };
		F28BE11BDF48C17FD4DACDDA /* Pods_AdminAppTests.framework in Frameworks */ = {isa = PBXBuildFile; fileRef = 80BD4439E91A591261688A06 /* Pods_AdminAppTests.framework */; };
/* End PBXBuildFile section */

/* Begin PBXContainerItemProxy section */
		C37F80D722A1269900BAFE40 /* PBXContainerItemProxy */ = {
			isa = PBXContainerItemProxy;
			containerPortal = C37F80BA22A1269800BAFE40 /* Project object */;
			proxyType = 1;
			remoteGlobalIDString = C37F80C122A1269800BAFE40;
			remoteInfo = AdminApp;
		};
		C37F80E222A1269900BAFE40 /* PBXContainerItemProxy */ = {
			isa = PBXContainerItemProxy;
			containerPortal = C37F80BA22A1269800BAFE40 /* Project object */;
			proxyType = 1;
			remoteGlobalIDString = C37F80C122A1269800BAFE40;
			remoteInfo = AdminApp;
		};
/* End PBXContainerItemProxy section */

/* Begin PBXFileReference section */
		00282E1012311DF0546E3686 /* Pods-AdminAppUITests.debug.xcconfig */ = {isa = PBXFileReference; includeInIndex = 1; lastKnownFileType = text.xcconfig; name = "Pods-AdminAppUITests.debug.xcconfig"; path = "Target Support Files/Pods-AdminAppUITests/Pods-AdminAppUITests.debug.xcconfig"; sourceTree = "<group>"; };
		0C34A9E58C6C9D8352DD62DD /* Pods_AdminAppUITests.framework */ = {isa = PBXFileReference; explicitFileType = wrapper.framework; includeInIndex = 0; path = Pods_AdminAppUITests.framework; sourceTree = BUILT_PRODUCTS_DIR; };
		0DB7C5FBD2DF4AFEC351622C /* Pods-AdminApp.release.xcconfig */ = {isa = PBXFileReference; includeInIndex = 1; lastKnownFileType = text.xcconfig; name = "Pods-AdminApp.release.xcconfig"; path = "Target Support Files/Pods-AdminApp/Pods-AdminApp.release.xcconfig"; sourceTree = "<group>"; };
		224283784F4CBD3CF4E4C6E3 /* Pods_AdminApp.framework */ = {isa = PBXFileReference; explicitFileType = wrapper.framework; includeInIndex = 0; path = Pods_AdminApp.framework; sourceTree = BUILT_PRODUCTS_DIR; };
		336CDEE07D3415642E8B603D /* Pods-AdminAppUITests.release.xcconfig */ = {isa = PBXFileReference; includeInIndex = 1; lastKnownFileType = text.xcconfig; name = "Pods-AdminAppUITests.release.xcconfig"; path = "Target Support Files/Pods-AdminAppUITests/Pods-AdminAppUITests.release.xcconfig"; sourceTree = "<group>"; };
		80BD4439E91A591261688A06 /* Pods_AdminAppTests.framework */ = {isa = PBXFileReference; explicitFileType = wrapper.framework; includeInIndex = 0; path = Pods_AdminAppTests.framework; sourceTree = BUILT_PRODUCTS_DIR; };
		83CF238122BFAB2900D568E5 /* mapViewController.swift */ = {isa = PBXFileReference; fileEncoding = 4; lastKnownFileType = sourcecode.swift; path = mapViewController.swift; sourceTree = "<group>"; };
		83CF238522BFDF7000D568E5 /* CoreLocation.framework */ = {isa = PBXFileReference; lastKnownFileType = wrapper.framework; name = CoreLocation.framework; path = System/Library/Frameworks/CoreLocation.framework; sourceTree = SDKROOT; };
		83CF238722C000D000D568E5 /* Restaurants.storyboard */ = {isa = PBXFileReference; fileEncoding = 4; lastKnownFileType = file.storyboard; path = Restaurants.storyboard; sourceTree = "<group>"; };
		C3193F9222BEE13700168F58 /* AddRestuarantViewController.swift */ = {isa = PBXFileReference; fileEncoding = 4; lastKnownFileType = sourcecode.swift; path = AddRestuarantViewController.swift; sourceTree = "<group>"; };
		C3193F9422BEF73C00168F58 /* Restuarant.swift */ = {isa = PBXFileReference; fileEncoding = 4; lastKnownFileType = sourcecode.swift; path = Restuarant.swift; sourceTree = "<group>"; };
		C3193F9622BEF78400168F58 /* RestuarantAdmin.swift */ = {isa = PBXFileReference; fileEncoding = 4; lastKnownFileType = sourcecode.swift; path = RestuarantAdmin.swift; sourceTree = "<group>"; };
		C3193F9822BF016000168F58 /* RestuarantDao.swift */ = {isa = PBXFileReference; fileEncoding = 4; lastKnownFileType = sourcecode.swift; path = RestuarantDao.swift; sourceTree = "<group>"; };
		C3193F9A22BF84DA00168F58 /* AddRestuarantAdminViewController.swift */ = {isa = PBXFileReference; fileEncoding = 4; lastKnownFileType = sourcecode.swift; path = AddRestuarantAdminViewController.swift; sourceTree = "<group>"; };
		C336AC5B22BA947B00478403 /* ImageAPI.swift */ = {isa = PBXFileReference; fileEncoding = 4; lastKnownFileType = sourcecode.swift; path = ImageAPI.swift; sourceTree = "<group>"; };
		C336AC5D22BAA6BF00478403 /* VerificationViewController.swift */ = {isa = PBXFileReference; fileEncoding = 4; lastKnownFileType = sourcecode.swift; path = VerificationViewController.swift; sourceTree = "<group>"; };
		C336AC6122BADA1C00478403 /* imgeIDCollectionViewCell.swift */ = {isa = PBXFileReference; fileEncoding = 4; lastKnownFileType = sourcecode.swift; path = imgeIDCollectionViewCell.swift; sourceTree = "<group>"; };
		C35E380D22A36E7A0069DFAF /* AdminDao.swift */ = {isa = PBXFileReference; fileEncoding = 4; lastKnownFileType = sourcecode.swift; path = AdminDao.swift; sourceTree = "<group>"; };
		C35E380F22A36FB50069DFAF /* AdminAPI.swift */ = {isa = PBXFileReference; fileEncoding = 4; lastKnownFileType = sourcecode.swift; path = AdminAPI.swift; sourceTree = "<group>"; };
		C35E381122A375EA0069DFAF /* AdminDelegate.swift */ = {isa = PBXFileReference; fileEncoding = 4; lastKnownFileType = sourcecode.swift; path = AdminDelegate.swift; sourceTree = "<group>"; };
		C35E381322A3786E0069DFAF /* UserDao.swift */ = {isa = PBXFileReference; fileEncoding = 4; lastKnownFileType = sourcecode.swift; path = UserDao.swift; sourceTree = "<group>"; };
		C36F131722BBD419009773FB /* UsersListDelegate.swift */ = {isa = PBXFileReference; fileEncoding = 4; lastKnownFileType = sourcecode.swift; path = UsersListDelegate.swift; sourceTree = "<group>"; };
		C3779C5B22D1934700EA6F09 /* InquiryDetailsViewController.swift */ = {isa = PBXFileReference; fileEncoding = 4; lastKnownFileType = sourcecode.swift; path = InquiryDetailsViewController.swift; sourceTree = "<group>"; };
		C3779C5D22D2825900EA6F09 /* Dashboard.storyboard */ = {isa = PBXFileReference; fileEncoding = 4; lastKnownFileType = file.storyboard; path = Dashboard.storyboard; sourceTree = "<group>"; };
		C37F80C222A1269900BAFE40 /* AdminApp.app */ = {isa = PBXFileReference; explicitFileType = wrapper.application; includeInIndex = 0; path = AdminApp.app; sourceTree = BUILT_PRODUCTS_DIR; };
		C37F80C522A1269900BAFE40 /* AppDelegate.swift */ = {isa = PBXFileReference; lastKnownFileType = sourcecode.swift; path = AppDelegate.swift; sourceTree = "<group>"; };
		C37F80C722A1269900BAFE40 /* ViewController.swift */ = {isa = PBXFileReference; lastKnownFileType = sourcecode.swift; path = ViewController.swift; sourceTree = "<group>"; };
		C37F80CA22A1269900BAFE40 /* Base */ = {isa = PBXFileReference; lastKnownFileType = file.storyboard; name = Base; path = Base.lproj/Main.storyboard; sourceTree = "<group>"; };
		C37F80CC22A1269900BAFE40 /* Assets.xcassets */ = {isa = PBXFileReference; lastKnownFileType = folder.assetcatalog; path = Assets.xcassets; sourceTree = "<group>"; };
		C37F80CF22A1269900BAFE40 /* Base */ = {isa = PBXFileReference; lastKnownFileType = file.storyboard; name = Base; path = Base.lproj/LaunchScreen.storyboard; sourceTree = "<group>"; };
		C37F80D122A1269900BAFE40 /* Info.plist */ = {isa = PBXFileReference; lastKnownFileType = text.plist.xml; path = Info.plist; sourceTree = "<group>"; };
		C37F80D622A1269900BAFE40 /* AdminAppTests.xctest */ = {isa = PBXFileReference; explicitFileType = wrapper.cfbundle; includeInIndex = 0; path = AdminAppTests.xctest; sourceTree = BUILT_PRODUCTS_DIR; };
		C37F80DA22A1269900BAFE40 /* AdminAppTests.swift */ = {isa = PBXFileReference; lastKnownFileType = sourcecode.swift; path = AdminAppTests.swift; sourceTree = "<group>"; };
		C37F80DC22A1269900BAFE40 /* Info.plist */ = {isa = PBXFileReference; lastKnownFileType = text.plist.xml; path = Info.plist; sourceTree = "<group>"; };
		C37F80E122A1269900BAFE40 /* AdminAppUITests.xctest */ = {isa = PBXFileReference; explicitFileType = wrapper.cfbundle; includeInIndex = 0; path = AdminAppUITests.xctest; sourceTree = BUILT_PRODUCTS_DIR; };
		C37F80E522A1269900BAFE40 /* AdminAppUITests.swift */ = {isa = PBXFileReference; lastKnownFileType = sourcecode.swift; path = AdminAppUITests.swift; sourceTree = "<group>"; };
		C37F80E722A1269900BAFE40 /* Info.plist */ = {isa = PBXFileReference; lastKnownFileType = text.plist.xml; path = Info.plist; sourceTree = "<group>"; };
		C37F80FA22A15BA700BAFE40 /* Admin.swift */ = {isa = PBXFileReference; fileEncoding = 4; lastKnownFileType = sourcecode.swift; path = Admin.swift; sourceTree = "<group>"; };
		C37F80FF22A169BE00BAFE40 /* User.swift */ = {isa = PBXFileReference; fileEncoding = 4; lastKnownFileType = sourcecode.swift; path = User.swift; sourceTree = "<group>"; };
		C37F810122A17BF300BAFE40 /* DisplayUsersForVerifiedViewController.swift */ = {isa = PBXFileReference; fileEncoding = 4; lastKnownFileType = sourcecode.swift; path = DisplayUsersForVerifiedViewController.swift; sourceTree = "<group>"; };
		C38183D722B93EE8001AA4FD /* DisplayUsersTableViewCell.swift */ = {isa = PBXFileReference; fileEncoding = 4; lastKnownFileType = sourcecode.swift; path = DisplayUsersTableViewCell.swift; sourceTree = "<group>"; };
		C3819BFA22CFFE8600697411 /* Inquiry.swift */ = {isa = PBXFileReference; fileEncoding = 4; lastKnownFileType = sourcecode.swift; path = Inquiry.swift; sourceTree = "<group>"; };
		C3819BFC22D0046700697411 /* InquiryDao.swift */ = {isa = PBXFileReference; fileEncoding = 4; lastKnownFileType = sourcecode.swift; path = InquiryDao.swift; sourceTree = "<group>"; };
		C39254DD22C0EA7B00EF9A91 /* RoundedButton.swift */ = {isa = PBXFileReference; fileEncoding = 4; lastKnownFileType = sourcecode.swift; path = RoundedButton.swift; sourceTree = "<group>"; };
		C3A2B8DF22CED13C000C0559 /* UpdateRestaurantViewController.swift */ = {isa = PBXFileReference; fileEncoding = 4; lastKnownFileType = sourcecode.swift; path = UpdateRestaurantViewController.swift; sourceTree = "<group>"; };
		C3A2B8E122CED75B000C0559 /* InquiriesTableViewController.swift */ = {isa = PBXFileReference; fileEncoding = 4; lastKnownFileType = sourcecode.swift; path = InquiriesTableViewController.swift; sourceTree = "<group>"; };
		C3A2B8E322CEE022000C0559 /* UserInquiryTableViewCell.swift */ = {isa = PBXFileReference; fileEncoding = 4; lastKnownFileType = sourcecode.swift; path = UserInquiryTableViewCell.swift; sourceTree = "<group>"; };
		C3BF9A0722B5C43C00EADCC3 /* UrlQueries.swift */ = {isa = PBXFileReference; fileEncoding = 4; lastKnownFileType = sourcecode.swift; path = UrlQueries.swift; sourceTree = "<group>"; };
		C4F699638A43BC7DBDD6B286 /* Pods-AdminAppTests.release.xcconfig */ = {isa = PBXFileReference; includeInIndex = 1; lastKnownFileType = text.xcconfig; name = "Pods-AdminAppTests.release.xcconfig"; path = "Target Support Files/Pods-AdminAppTests/Pods-AdminAppTests.release.xcconfig"; sourceTree = "<group>"; };
		DF2BE9FD127DBBD72DD9EC9C /* Pods-AdminApp.debug.xcconfig */ = {isa = PBXFileReference; includeInIndex = 1; lastKnownFileType = text.xcconfig; name = "Pods-AdminApp.debug.xcconfig"; path = "Target Support Files/Pods-AdminApp/Pods-AdminApp.debug.xcconfig"; sourceTree = "<group>"; };
		F1E96015252B3EEE952A9FC0 /* Pods-AdminAppTests.debug.xcconfig */ = {isa = PBXFileReference; includeInIndex = 1; lastKnownFileType = text.xcconfig; name = "Pods-AdminAppTests.debug.xcconfig"; path = "Target Support Files/Pods-AdminAppTests/Pods-AdminAppTests.debug.xcconfig"; sourceTree = "<group>"; };
/* End PBXFileReference section */

/* Begin PBXFrameworksBuildPhase section */
		C37F80BF22A1269800BAFE40 /* Frameworks */ = {
			isa = PBXFrameworksBuildPhase;
			buildActionMask = 2147483647;
			files = (
				83CF238622BFDF7000D568E5 /* CoreLocation.framework in Frameworks */,
				B8C3BBFAA001269097EBDCEB /* Pods_AdminApp.framework in Frameworks */,
			);
			runOnlyForDeploymentPostprocessing = 0;
		};
		C37F80D322A1269900BAFE40 /* Frameworks */ = {
			isa = PBXFrameworksBuildPhase;
			buildActionMask = 2147483647;
			files = (
				F28BE11BDF48C17FD4DACDDA /* Pods_AdminAppTests.framework in Frameworks */,
			);
			runOnlyForDeploymentPostprocessing = 0;
		};
		C37F80DE22A1269900BAFE40 /* Frameworks */ = {
			isa = PBXFrameworksBuildPhase;
			buildActionMask = 2147483647;
			files = (
				EC6E84A1489A6BA53780DB7C /* Pods_AdminAppUITests.framework in Frameworks */,
			);
			runOnlyForDeploymentPostprocessing = 0;
		};
/* End PBXFrameworksBuildPhase section */

/* Begin PBXGroup section */
		B20E639C349565D18256A6BB /* Pods */ = {
			isa = PBXGroup;
			children = (
				DF2BE9FD127DBBD72DD9EC9C /* Pods-AdminApp.debug.xcconfig */,
				0DB7C5FBD2DF4AFEC351622C /* Pods-AdminApp.release.xcconfig */,
				F1E96015252B3EEE952A9FC0 /* Pods-AdminAppTests.debug.xcconfig */,
				C4F699638A43BC7DBDD6B286 /* Pods-AdminAppTests.release.xcconfig */,
				00282E1012311DF0546E3686 /* Pods-AdminAppUITests.debug.xcconfig */,
				336CDEE07D3415642E8B603D /* Pods-AdminAppUITests.release.xcconfig */,
			);
			path = Pods;
			sourceTree = "<group>";
		};
		B674B4D338DC1FA543B289AA /* Frameworks */ = {
			isa = PBXGroup;
			children = (
				83CF238522BFDF7000D568E5 /* CoreLocation.framework */,
				224283784F4CBD3CF4E4C6E3 /* Pods_AdminApp.framework */,
				80BD4439E91A591261688A06 /* Pods_AdminAppTests.framework */,
				0C34A9E58C6C9D8352DD62DD /* Pods_AdminAppUITests.framework */,
			);
			name = Frameworks;
			sourceTree = "<group>";
		};
		C36F131622BBD3F7009773FB /* Delegates */ = {
			isa = PBXGroup;
			children = (
				C35E381122A375EA0069DFAF /* AdminDelegate.swift */,
				C36F131722BBD419009773FB /* UsersListDelegate.swift */,
			);
			name = Delegates;
			sourceTree = "<group>";
		};
		C37F80B922A1269800BAFE40 = {
			isa = PBXGroup;
			children = (
				C37F80C422A1269900BAFE40 /* AdminApp */,
				C37F80D922A1269900BAFE40 /* AdminAppTests */,
				C37F80E422A1269900BAFE40 /* AdminAppUITests */,
				C37F80C322A1269900BAFE40 /* Products */,
				B20E639C349565D18256A6BB /* Pods */,
				B674B4D338DC1FA543B289AA /* Frameworks */,
			);
			sourceTree = "<group>";
		};
		C37F80C322A1269900BAFE40 /* Products */ = {
			isa = PBXGroup;
			children = (
				C37F80C222A1269900BAFE40 /* AdminApp.app */,
				C37F80D622A1269900BAFE40 /* AdminAppTests.xctest */,
				C37F80E122A1269900BAFE40 /* AdminAppUITests.xctest */,
			);
			name = Products;
			sourceTree = "<group>";
		};
		C37F80C422A1269900BAFE40 /* AdminApp */ = {
			isa = PBXGroup;
			children = (
				C36F131622BBD3F7009773FB /* Delegates */,
				C37F80F922A15B5E00BAFE40 /* Controller */,
				C37F80F822A15B5200BAFE40 /* View */,
				C37F80F722A15B4500BAFE40 /* Model */,
				C37F80C522A1269900BAFE40 /* AppDelegate.swift */,
				C37F80CC22A1269900BAFE40 /* Assets.xcassets */,
				C37F80CE22A1269900BAFE40 /* LaunchScreen.storyboard */,
				C37F80D122A1269900BAFE40 /* Info.plist */,
			);
			path = AdminApp;
			sourceTree = "<group>";
		};
		C37F80D922A1269900BAFE40 /* AdminAppTests */ = {
			isa = PBXGroup;
			children = (
				C37F80DA22A1269900BAFE40 /* AdminAppTests.swift */,
				C37F80DC22A1269900BAFE40 /* Info.plist */,
			);
			path = AdminAppTests;
			sourceTree = "<group>";
		};
		C37F80E422A1269900BAFE40 /* AdminAppUITests */ = {
			isa = PBXGroup;
			children = (
				C37F80E522A1269900BAFE40 /* AdminAppUITests.swift */,
				C37F80E722A1269900BAFE40 /* Info.plist */,
			);
			path = AdminAppUITests;
			sourceTree = "<group>";
		};
		C37F80F722A15B4500BAFE40 /* Model */ = {
			isa = PBXGroup;
			children = (
				C37F80FE22A15C8900BAFE40 /* Network Layer */,
				C37F80FD22A15C6D00BAFE40 /* Data Layer */,
			);
			name = Model;
			sourceTree = "<group>";
		};
		C37F80F822A15B5200BAFE40 /* View */ = {
			isa = PBXGroup;
			children = (
				C37F80C922A1269900BAFE40 /* Main.storyboard */,
				C38183D722B93EE8001AA4FD /* DisplayUsersTableViewCell.swift */,
				C336AC6122BADA1C00478403 /* imgeIDCollectionViewCell.swift */,
				83CF238722C000D000D568E5 /* Restaurants.storyboard */,
				C39254DD22C0EA7B00EF9A91 /* RoundedButton.swift */,
				C3A2B8E322CEE022000C0559 /* UserInquiryTableViewCell.swift */,
				C3779C5D22D2825900EA6F09 /* Dashboard.storyboard */,
			);
			name = View;
			sourceTree = "<group>";
		};
		C37F80F922A15B5E00BAFE40 /* Controller */ = {
			isa = PBXGroup;
			children = (
				C3193F9222BEE13700168F58 /* AddRestuarantViewController.swift */,
				C37F80C722A1269900BAFE40 /* ViewController.swift */,
				C37F810122A17BF300BAFE40 /* DisplayUsersForVerifiedViewController.swift */,
				C336AC5D22BAA6BF00478403 /* VerificationViewController.swift */,
				C3193F9A22BF84DA00168F58 /* AddRestuarantAdminViewController.swift */,
				83CF238122BFAB2900D568E5 /* mapViewController.swift */,
				C3A2B8DF22CED13C000C0559 /* UpdateRestaurantViewController.swift */,
				C3A2B8E122CED75B000C0559 /* InquiriesTableViewController.swift */,
				C3779C5B22D1934700EA6F09 /* InquiryDetailsViewController.swift */,
			);
			name = Controller;
			sourceTree = "<group>";
		};
		C37F80FD22A15C6D00BAFE40 /* Data Layer */ = {
			isa = PBXGroup;
			children = (
				C37F80FF22A169BE00BAFE40 /* User.swift */,
				C37F80FA22A15BA700BAFE40 /* Admin.swift */,
				C3193F9422BEF73C00168F58 /* Restuarant.swift */,
				C3193F9622BEF78400168F58 /* RestuarantAdmin.swift */,
				C3819BFA22CFFE8600697411 /* Inquiry.swift */,
			);
			name = "Data Layer";
			sourceTree = "<group>";
		};
		C37F80FE22A15C8900BAFE40 /* Network Layer */ = {
			isa = PBXGroup;
			children = (
				C35E380D22A36E7A0069DFAF /* AdminDao.swift */,
				C35E380F22A36FB50069DFAF /* AdminAPI.swift */,
				C35E381322A3786E0069DFAF /* UserDao.swift */,
				C3BF9A0722B5C43C00EADCC3 /* UrlQueries.swift */,
				C336AC5B22BA947B00478403 /* ImageAPI.swift */,
				C3193F9822BF016000168F58 /* RestuarantDao.swift */,
				C3819BFC22D0046700697411 /* InquiryDao.swift */,
			);
			name = "Network Layer";
			sourceTree = "<group>";
		};
/* End PBXGroup section */

/* Begin PBXNativeTarget section */
		C37F80C122A1269800BAFE40 /* AdminApp */ = {
			isa = PBXNativeTarget;
			buildConfigurationList = C37F80EA22A1269900BAFE40 /* Build configuration list for PBXNativeTarget "AdminApp" */;
			buildPhases = (
				DC748E263B5CF1B0CC594A19 /* [CP] Check Pods Manifest.lock */,
				C37F80BE22A1269800BAFE40 /* Sources */,
				C37F80BF22A1269800BAFE40 /* Frameworks */,
				C37F80C022A1269800BAFE40 /* Resources */,
				213EF2171182711FAA328D27 /* [CP] Embed Pods Frameworks */,
			);
			buildRules = (
			);
			dependencies = (
			);
			name = AdminApp;
			productName = AdminApp;
			productReference = C37F80C222A1269900BAFE40 /* AdminApp.app */;
			productType = "com.apple.product-type.application";
		};
		C37F80D522A1269900BAFE40 /* AdminAppTests */ = {
			isa = PBXNativeTarget;
			buildConfigurationList = C37F80ED22A1269900BAFE40 /* Build configuration list for PBXNativeTarget "AdminAppTests" */;
			buildPhases = (
				C44B7225588F5F4B7E2BAF96 /* [CP] Check Pods Manifest.lock */,
				C37F80D222A1269900BAFE40 /* Sources */,
				C37F80D322A1269900BAFE40 /* Frameworks */,
				C37F80D422A1269900BAFE40 /* Resources */,
			);
			buildRules = (
			);
			dependencies = (
				C37F80D822A1269900BAFE40 /* PBXTargetDependency */,
			);
			name = AdminAppTests;
			productName = AdminAppTests;
			productReference = C37F80D622A1269900BAFE40 /* AdminAppTests.xctest */;
			productType = "com.apple.product-type.bundle.unit-test";
		};
		C37F80E022A1269900BAFE40 /* AdminAppUITests */ = {
			isa = PBXNativeTarget;
			buildConfigurationList = C37F80F022A1269900BAFE40 /* Build configuration list for PBXNativeTarget "AdminAppUITests" */;
			buildPhases = (
				F9BB9A1AC82FF25244A02EAD /* [CP] Check Pods Manifest.lock */,
				C37F80DD22A1269900BAFE40 /* Sources */,
				C37F80DE22A1269900BAFE40 /* Frameworks */,
				C37F80DF22A1269900BAFE40 /* Resources */,
			);
			buildRules = (
			);
			dependencies = (
				C37F80E322A1269900BAFE40 /* PBXTargetDependency */,
			);
			name = AdminAppUITests;
			productName = AdminAppUITests;
			productReference = C37F80E122A1269900BAFE40 /* AdminAppUITests.xctest */;
			productType = "com.apple.product-type.bundle.ui-testing";
		};
/* End PBXNativeTarget section */

/* Begin PBXProject section */
		C37F80BA22A1269800BAFE40 /* Project object */ = {
			isa = PBXProject;
			attributes = {
				LastSwiftUpdateCheck = 0820;
				LastUpgradeCheck = 0820;
				ORGANIZATIONNAME = Jets39;
				TargetAttributes = {
					C37F80C122A1269800BAFE40 = {
						CreatedOnToolsVersion = 8.2.1;
						ProvisioningStyle = Automatic;
					};
					C37F80D522A1269900BAFE40 = {
						CreatedOnToolsVersion = 8.2.1;
						ProvisioningStyle = Automatic;
						TestTargetID = C37F80C122A1269800BAFE40;
					};
					C37F80E022A1269900BAFE40 = {
						CreatedOnToolsVersion = 8.2.1;
						ProvisioningStyle = Automatic;
						TestTargetID = C37F80C122A1269800BAFE40;
					};
				};
			};
			buildConfigurationList = C37F80BD22A1269800BAFE40 /* Build configuration list for PBXProject "AdminApp" */;
			compatibilityVersion = "Xcode 3.2";
			developmentRegion = English;
			hasScannedForEncodings = 0;
			knownRegions = (
				en,
				Base,
			);
			mainGroup = C37F80B922A1269800BAFE40;
			productRefGroup = C37F80C322A1269900BAFE40 /* Products */;
			projectDirPath = "";
			projectRoot = "";
			targets = (
				C37F80C122A1269800BAFE40 /* AdminApp */,
				C37F80D522A1269900BAFE40 /* AdminAppTests */,
				C37F80E022A1269900BAFE40 /* AdminAppUITests */,
			);
		};
/* End PBXProject section */

/* Begin PBXResourcesBuildPhase section */
		C37F80C022A1269800BAFE40 /* Resources */ = {
			isa = PBXResourcesBuildPhase;
			buildActionMask = 2147483647;
			files = (
				C37F80D022A1269900BAFE40 /* LaunchScreen.storyboard in Resources */,
				C3779C5E22D2825900EA6F09 /* Dashboard.storyboard in Resources */,
				C37F80CD22A1269900BAFE40 /* Assets.xcassets in Resources */,
				C37F80CB22A1269900BAFE40 /* Main.storyboard in Resources */,
				83CF238822C000D000D568E5 /* Restaurants.storyboard in Resources */,
			);
			runOnlyForDeploymentPostprocessing = 0;
		};
		C37F80D422A1269900BAFE40 /* Resources */ = {
			isa = PBXResourcesBuildPhase;
			buildActionMask = 2147483647;
			files = (
			);
			runOnlyForDeploymentPostprocessing = 0;
		};
		C37F80DF22A1269900BAFE40 /* Resources */ = {
			isa = PBXResourcesBuildPhase;
			buildActionMask = 2147483647;
			files = (
			);
			runOnlyForDeploymentPostprocessing = 0;
		};
/* End PBXResourcesBuildPhase section */

/* Begin PBXShellScriptBuildPhase section */
		213EF2171182711FAA328D27 /* [CP] Embed Pods Frameworks */ = {
			isa = PBXShellScriptBuildPhase;
			buildActionMask = 2147483647;
			files = (
			);
			inputPaths = (
				"${PODS_ROOT}/Target Support Files/Pods-AdminApp/Pods-AdminApp-frameworks.sh",
				"${BUILT_PRODUCTS_DIR}/Alamofire/Alamofire.framework",
				"${BUILT_PRODUCTS_DIR}/ChameleonFramework/ChameleonFramework.framework",
				"${BUILT_PRODUCTS_DIR}/SDWebImage/SDWebImage.framework",
				"${BUILT_PRODUCTS_DIR}/SVProgressHUD/SVProgressHUD.framework",
				"${BUILT_PRODUCTS_DIR}/SwiftyJSON/SwiftyJSON.framework",
			);
			name = "[CP] Embed Pods Frameworks";
			outputPaths = (
				"${TARGET_BUILD_DIR}/${FRAMEWORKS_FOLDER_PATH}/Alamofire.framework",
				"${TARGET_BUILD_DIR}/${FRAMEWORKS_FOLDER_PATH}/ChameleonFramework.framework",
				"${TARGET_BUILD_DIR}/${FRAMEWORKS_FOLDER_PATH}/SDWebImage.framework",
				"${TARGET_BUILD_DIR}/${FRAMEWORKS_FOLDER_PATH}/SVProgressHUD.framework",
				"${TARGET_BUILD_DIR}/${FRAMEWORKS_FOLDER_PATH}/SwiftyJSON.framework",
			);
			runOnlyForDeploymentPostprocessing = 0;
			shellPath = /bin/sh;
			shellScript = "\"${PODS_ROOT}/Target Support Files/Pods-AdminApp/Pods-AdminApp-frameworks.sh\"\n";
			showEnvVarsInLog = 0;
		};
		C44B7225588F5F4B7E2BAF96 /* [CP] Check Pods Manifest.lock */ = {
			isa = PBXShellScriptBuildPhase;
			buildActionMask = 2147483647;
			files = (
			);
			inputPaths = (
				"${PODS_PODFILE_DIR_PATH}/Podfile.lock",
				"${PODS_ROOT}/Manifest.lock",
			);
			name = "[CP] Check Pods Manifest.lock";
			outputPaths = (
				"$(DERIVED_FILE_DIR)/Pods-AdminAppTests-checkManifestLockResult.txt",
			);
			runOnlyForDeploymentPostprocessing = 0;
			shellPath = /bin/sh;
			shellScript = "diff \"${PODS_PODFILE_DIR_PATH}/Podfile.lock\" \"${PODS_ROOT}/Manifest.lock\" > /dev/null\nif [ $? != 0 ] ; then\n    # print error to STDERR\n    echo \"error: The sandbox is not in sync with the Podfile.lock. Run 'pod install' or update your CocoaPods installation.\" >&2\n    exit 1\nfi\n# This output is used by Xcode 'outputs' to avoid re-running this script phase.\necho \"SUCCESS\" > \"${SCRIPT_OUTPUT_FILE_0}\"\n";
			showEnvVarsInLog = 0;
		};
		DC748E263B5CF1B0CC594A19 /* [CP] Check Pods Manifest.lock */ = {
			isa = PBXShellScriptBuildPhase;
			buildActionMask = 2147483647;
			files = (
			);
			inputPaths = (
				"${PODS_PODFILE_DIR_PATH}/Podfile.lock",
				"${PODS_ROOT}/Manifest.lock",
			);
			name = "[CP] Check Pods Manifest.lock";
			outputPaths = (
				"$(DERIVED_FILE_DIR)/Pods-AdminApp-checkManifestLockResult.txt",
			);
			runOnlyForDeploymentPostprocessing = 0;
			shellPath = /bin/sh;
			shellScript = "diff \"${PODS_PODFILE_DIR_PATH}/Podfile.lock\" \"${PODS_ROOT}/Manifest.lock\" > /dev/null\nif [ $? != 0 ] ; then\n    # print error to STDERR\n    echo \"error: The sandbox is not in sync with the Podfile.lock. Run 'pod install' or update your CocoaPods installation.\" >&2\n    exit 1\nfi\n# This output is used by Xcode 'outputs' to avoid re-running this script phase.\necho \"SUCCESS\" > \"${SCRIPT_OUTPUT_FILE_0}\"\n";
			showEnvVarsInLog = 0;
		};
		F9BB9A1AC82FF25244A02EAD /* [CP] Check Pods Manifest.lock */ = {
			isa = PBXShellScriptBuildPhase;
			buildActionMask = 2147483647;
			files = (
			);
			inputPaths = (
				"${PODS_PODFILE_DIR_PATH}/Podfile.lock",
				"${PODS_ROOT}/Manifest.lock",
			);
			name = "[CP] Check Pods Manifest.lock";
			outputPaths = (
				"$(DERIVED_FILE_DIR)/Pods-AdminAppUITests-checkManifestLockResult.txt",
			);
			runOnlyForDeploymentPostprocessing = 0;
			shellPath = /bin/sh;
			shellScript = "diff \"${PODS_PODFILE_DIR_PATH}/Podfile.lock\" \"${PODS_ROOT}/Manifest.lock\" > /dev/null\nif [ $? != 0 ] ; then\n    # print error to STDERR\n    echo \"error: The sandbox is not in sync with the Podfile.lock. Run 'pod install' or update your CocoaPods installation.\" >&2\n    exit 1\nfi\n# This output is used by Xcode 'outputs' to avoid re-running this script phase.\necho \"SUCCESS\" > \"${SCRIPT_OUTPUT_FILE_0}\"\n";
			showEnvVarsInLog = 0;
		};
/* End PBXShellScriptBuildPhase section */

/* Begin PBXSourcesBuildPhase section */
		C37F80BE22A1269800BAFE40 /* Sources */ = {
			isa = PBXSourcesBuildPhase;
			buildActionMask = 2147483647;
			files = (
				C336AC5E22BAA6BF00478403 /* VerificationViewController.swift in Sources */,
				C35E381422A3786E0069DFAF /* UserDao.swift in Sources */,
				C3193F9722BEF78400168F58 /* RestuarantAdmin.swift in Sources */,
				C3193F9B22BF84DA00168F58 /* AddRestuarantAdminViewController.swift in Sources */,
				C35E380E22A36E7A0069DFAF /* AdminDao.swift in Sources */,
				C3A2B8E022CED13C000C0559 /* UpdateRestaurantViewController.swift in Sources */,
				C3A2B8E222CED75B000C0559 /* InquiriesTableViewController.swift in Sources */,
				C3779C5C22D1934700EA6F09 /* InquiryDetailsViewController.swift in Sources */,
				C3BF9A0822B5C43C00EADCC3 /* UrlQueries.swift in Sources */,
				C37F810222A17BF300BAFE40 /* DisplayUsersForVerifiedViewController.swift in Sources */,
				C35E381222A375EA0069DFAF /* AdminDelegate.swift in Sources */,
				C37F810022A169BE00BAFE40 /* User.swift in Sources */,
				C3193F9322BEE13700168F58 /* AddRestuarantViewController.swift in Sources */,
				C37F80C822A1269900BAFE40 /* ViewController.swift in Sources */,
				C38183D822B93EE8001AA4FD /* DisplayUsersTableViewCell.swift in Sources */,
				C39254DE22C0EA7B00EF9A91 /* RoundedButton.swift in Sources */,
				C37F80FB22A15BA700BAFE40 /* Admin.swift in Sources */,
				C36F131822BBD419009773FB /* UsersListDelegate.swift in Sources */,
				C3819BFB22CFFE8600697411 /* Inquiry.swift in Sources */,
				C3193F9522BEF73C00168F58 /* Restuarant.swift in Sources */,
				C37F80C622A1269900BAFE40 /* AppDelegate.swift in Sources */,
				C336AC6222BADA1C00478403 /* imgeIDCollectionViewCell.swift in Sources */,
				C336AC5C22BA947B00478403 /* ImageAPI.swift in Sources */,
				83CF238222BFAB2900D568E5 /* mapViewController.swift in Sources */,
				C3A2B8E422CEE022000C0559 /* UserInquiryTableViewCell.swift in Sources */,
				C3819BFD22D0046700697411 /* InquiryDao.swift in Sources */,
				C35E381022A36FB50069DFAF /* AdminAPI.swift in Sources */,
				C3193F9922BF016000168F58 /* RestuarantDao.swift in Sources */,
			);
			runOnlyForDeploymentPostprocessing = 0;
		};
		C37F80D222A1269900BAFE40 /* Sources */ = {
			isa = PBXSourcesBuildPhase;
			buildActionMask = 2147483647;
			files = (
				C37F80DB22A1269900BAFE40 /* AdminAppTests.swift in Sources */,
			);
			runOnlyForDeploymentPostprocessing = 0;
		};
		C37F80DD22A1269900BAFE40 /* Sources */ = {
			isa = PBXSourcesBuildPhase;
			buildActionMask = 2147483647;
			files = (
				C37F80E622A1269900BAFE40 /* AdminAppUITests.swift in Sources */,
			);
			runOnlyForDeploymentPostprocessing = 0;
		};
/* End PBXSourcesBuildPhase section */

/* Begin PBXTargetDependency section */
		C37F80D822A1269900BAFE40 /* PBXTargetDependency */ = {
			isa = PBXTargetDependency;
			target = C37F80C122A1269800BAFE40 /* AdminApp */;
			targetProxy = C37F80D722A1269900BAFE40 /* PBXContainerItemProxy */;
		};
		C37F80E322A1269900BAFE40 /* PBXTargetDependency */ = {
			isa = PBXTargetDependency;
			target = C37F80C122A1269800BAFE40 /* AdminApp */;
			targetProxy = C37F80E222A1269900BAFE40 /* PBXContainerItemProxy */;
		};
/* End PBXTargetDependency section */

/* Begin PBXVariantGroup section */
		C37F80C922A1269900BAFE40 /* Main.storyboard */ = {
			isa = PBXVariantGroup;
			children = (
				C37F80CA22A1269900BAFE40 /* Base */,
			);
			name = Main.storyboard;
			sourceTree = "<group>";
		};
		C37F80CE22A1269900BAFE40 /* LaunchScreen.storyboard */ = {
			isa = PBXVariantGroup;
			children = (
				C37F80CF22A1269900BAFE40 /* Base */,
			);
			name = LaunchScreen.storyboard;
			sourceTree = "<group>";
		};
/* End PBXVariantGroup section */

/* Begin XCBuildConfiguration section */
		C37F80E822A1269900BAFE40 /* Debug */ = {
			isa = XCBuildConfiguration;
			buildSettings = {
				ALWAYS_SEARCH_USER_PATHS = NO;
				CLANG_ANALYZER_NONNULL = YES;
				CLANG_CXX_LANGUAGE_STANDARD = "gnu++0x";
				CLANG_CXX_LIBRARY = "libc++";
				CLANG_ENABLE_MODULES = YES;
				CLANG_ENABLE_OBJC_ARC = YES;
				CLANG_WARN_BOOL_CONVERSION = YES;
				CLANG_WARN_CONSTANT_CONVERSION = YES;
				CLANG_WARN_DIRECT_OBJC_ISA_USAGE = YES_ERROR;
				CLANG_WARN_DOCUMENTATION_COMMENTS = YES;
				CLANG_WARN_EMPTY_BODY = YES;
				CLANG_WARN_ENUM_CONVERSION = YES;
				CLANG_WARN_INFINITE_RECURSION = YES;
				CLANG_WARN_INT_CONVERSION = YES;
				CLANG_WARN_OBJC_ROOT_CLASS = YES_ERROR;
				CLANG_WARN_SUSPICIOUS_MOVE = YES;
				CLANG_WARN_UNREACHABLE_CODE = YES;
				CLANG_WARN__DUPLICATE_METHOD_MATCH = YES;
				"CODE_SIGN_IDENTITY[sdk=iphoneos*]" = "iPhone Developer";
				COPY_PHASE_STRIP = NO;
				DEBUG_INFORMATION_FORMAT = dwarf;
				ENABLE_STRICT_OBJC_MSGSEND = YES;
				ENABLE_TESTABILITY = YES;
				GCC_C_LANGUAGE_STANDARD = gnu99;
				GCC_DYNAMIC_NO_PIC = NO;
				GCC_NO_COMMON_BLOCKS = YES;
				GCC_OPTIMIZATION_LEVEL = 0;
				GCC_PREPROCESSOR_DEFINITIONS = (
					"DEBUG=1",
					"$(inherited)",
				);
				GCC_WARN_64_TO_32_BIT_CONVERSION = YES;
				GCC_WARN_ABOUT_RETURN_TYPE = YES_ERROR;
				GCC_WARN_UNDECLARED_SELECTOR = YES;
				GCC_WARN_UNINITIALIZED_AUTOS = YES_AGGRESSIVE;
				GCC_WARN_UNUSED_FUNCTION = YES;
				GCC_WARN_UNUSED_VARIABLE = YES;
				IPHONEOS_DEPLOYMENT_TARGET = 10.2;
				MTL_ENABLE_DEBUG_INFO = YES;
				ONLY_ACTIVE_ARCH = YES;
				SDKROOT = iphoneos;
				SWIFT_ACTIVE_COMPILATION_CONDITIONS = DEBUG;
				SWIFT_OPTIMIZATION_LEVEL = "-Onone";
				TARGETED_DEVICE_FAMILY = "1,2";
			};
			name = Debug;
		};
		C37F80E922A1269900BAFE40 /* Release */ = {
			isa = XCBuildConfiguration;
			buildSettings = {
				ALWAYS_SEARCH_USER_PATHS = NO;
				CLANG_ANALYZER_NONNULL = YES;
				CLANG_CXX_LANGUAGE_STANDARD = "gnu++0x";
				CLANG_CXX_LIBRARY = "libc++";
				CLANG_ENABLE_MODULES = YES;
				CLANG_ENABLE_OBJC_ARC = YES;
				CLANG_WARN_BOOL_CONVERSION = YES;
				CLANG_WARN_CONSTANT_CONVERSION = YES;
				CLANG_WARN_DIRECT_OBJC_ISA_USAGE = YES_ERROR;
				CLANG_WARN_DOCUMENTATION_COMMENTS = YES;
				CLANG_WARN_EMPTY_BODY = YES;
				CLANG_WARN_ENUM_CONVERSION = YES;
				CLANG_WARN_INFINITE_RECURSION = YES;
				CLANG_WARN_INT_CONVERSION = YES;
				CLANG_WARN_OBJC_ROOT_CLASS = YES_ERROR;
				CLANG_WARN_SUSPICIOUS_MOVE = YES;
				CLANG_WARN_UNREACHABLE_CODE = YES;
				CLANG_WARN__DUPLICATE_METHOD_MATCH = YES;
				"CODE_SIGN_IDENTITY[sdk=iphoneos*]" = "iPhone Developer";
				COPY_PHASE_STRIP = NO;
				DEBUG_INFORMATION_FORMAT = "dwarf-with-dsym";
				ENABLE_NS_ASSERTIONS = NO;
				ENABLE_STRICT_OBJC_MSGSEND = YES;
				GCC_C_LANGUAGE_STANDARD = gnu99;
				GCC_NO_COMMON_BLOCKS = YES;
				GCC_WARN_64_TO_32_BIT_CONVERSION = YES;
				GCC_WARN_ABOUT_RETURN_TYPE = YES_ERROR;
				GCC_WARN_UNDECLARED_SELECTOR = YES;
				GCC_WARN_UNINITIALIZED_AUTOS = YES_AGGRESSIVE;
				GCC_WARN_UNUSED_FUNCTION = YES;
				GCC_WARN_UNUSED_VARIABLE = YES;
				IPHONEOS_DEPLOYMENT_TARGET = 10.2;
				MTL_ENABLE_DEBUG_INFO = NO;
				SDKROOT = iphoneos;
				SWIFT_OPTIMIZATION_LEVEL = "-Owholemodule";
				TARGETED_DEVICE_FAMILY = "1,2";
				VALIDATE_PRODUCT = YES;
			};
			name = Release;
		};
		C37F80EB22A1269900BAFE40 /* Debug */ = {
			isa = XCBuildConfiguration;
			baseConfigurationReference = DF2BE9FD127DBBD72DD9EC9C /* Pods-AdminApp.debug.xcconfig */;
			buildSettings = {
				ASSETCATALOG_COMPILER_APPICON_NAME = AppIcon;
				ASSETCATALOG_COMPILER_LAUNCHIMAGE_NAME = LaunchImage;
				INFOPLIST_FILE = AdminApp/Info.plist;
				LD_RUNPATH_SEARCH_PATHS = "$(inherited) @executable_path/Frameworks";
				PRODUCT_BUNDLE_IDENTIFIER = iti.AdminApp;
				PRODUCT_NAME = "$(TARGET_NAME)";
				SWIFT_VERSION = 3.0;
			};
			name = Debug;
		};
		C37F80EC22A1269900BAFE40 /* Release */ = {
			isa = XCBuildConfiguration;
			baseConfigurationReference = 0DB7C5FBD2DF4AFEC351622C /* Pods-AdminApp.release.xcconfig */;
			buildSettings = {
				ASSETCATALOG_COMPILER_APPICON_NAME = AppIcon;
				ASSETCATALOG_COMPILER_LAUNCHIMAGE_NAME = LaunchImage;
				INFOPLIST_FILE = AdminApp/Info.plist;
				LD_RUNPATH_SEARCH_PATHS = "$(inherited) @executable_path/Frameworks";
				PRODUCT_BUNDLE_IDENTIFIER = iti.AdminApp;
				PRODUCT_NAME = "$(TARGET_NAME)";
				SWIFT_VERSION = 3.0;
			};
			name = Release;
		};
		C37F80EE22A1269900BAFE40 /* Debug */ = {
			isa = XCBuildConfiguration;
			baseConfigurationReference = F1E96015252B3EEE952A9FC0 /* Pods-AdminAppTests.debug.xcconfig */;
			buildSettings = {
				ALWAYS_EMBED_SWIFT_STANDARD_LIBRARIES = YES;
				BUNDLE_LOADER = "$(TEST_HOST)";
				INFOPLIST_FILE = AdminAppTests/Info.plist;
				LD_RUNPATH_SEARCH_PATHS = "$(inherited) @executable_path/Frameworks @loader_path/Frameworks";
				PRODUCT_BUNDLE_IDENTIFIER = iti.AdminAppTests;
				PRODUCT_NAME = "$(TARGET_NAME)";
				SWIFT_VERSION = 3.0;
				TEST_HOST = "$(BUILT_PRODUCTS_DIR)/AdminApp.app/AdminApp";
			};
			name = Debug;
		};
		C37F80EF22A1269900BAFE40 /* Release */ = {
			isa = XCBuildConfiguration;
			baseConfigurationReference = C4F699638A43BC7DBDD6B286 /* Pods-AdminAppTests.release.xcconfig */;
			buildSettings = {
				ALWAYS_EMBED_SWIFT_STANDARD_LIBRARIES = YES;
				BUNDLE_LOADER = "$(TEST_HOST)";
				INFOPLIST_FILE = AdminAppTests/Info.plist;
				LD_RUNPATH_SEARCH_PATHS = "$(inherited) @executable_path/Frameworks @loader_path/Frameworks";
				PRODUCT_BUNDLE_IDENTIFIER = iti.AdminAppTests;
				PRODUCT_NAME = "$(TARGET_NAME)";
				SWIFT_VERSION = 3.0;
				TEST_HOST = "$(BUILT_PRODUCTS_DIR)/AdminApp.app/AdminApp";
			};
			name = Release;
		};
		C37F80F122A1269900BAFE40 /* Debug */ = {
			isa = XCBuildConfiguration;
			baseConfigurationReference = 00282E1012311DF0546E3686 /* Pods-AdminAppUITests.debug.xcconfig */;
			buildSettings = {
				ALWAYS_EMBED_SWIFT_STANDARD_LIBRARIES = YES;
				INFOPLIST_FILE = AdminAppUITests/Info.plist;
				LD_RUNPATH_SEARCH_PATHS = "$(inherited) @executable_path/Frameworks @loader_path/Frameworks";
				PRODUCT_BUNDLE_IDENTIFIER = iti.AdminAppUITests;
				PRODUCT_NAME = "$(TARGET_NAME)";
				SWIFT_VERSION = 3.0;
				TEST_TARGET_NAME = AdminApp;
			};
			name = Debug;
		};
		C37F80F222A1269900BAFE40 /* Release */ = {
			isa = XCBuildConfiguration;
			baseConfigurationReference = 336CDEE07D3415642E8B603D /* Pods-AdminAppUITests.release.xcconfig */;
			buildSettings = {
				ALWAYS_EMBED_SWIFT_STANDARD_LIBRARIES = YES;
				INFOPLIST_FILE = AdminAppUITests/Info.plist;
				LD_RUNPATH_SEARCH_PATHS = "$(inherited) @executable_path/Frameworks @loader_path/Frameworks";
				PRODUCT_BUNDLE_IDENTIFIER = iti.AdminAppUITests;
				PRODUCT_NAME = "$(TARGET_NAME)";
				SWIFT_VERSION = 3.0;
				TEST_TARGET_NAME = AdminApp;
			};
			name = Release;
		};
/* End XCBuildConfiguration section */

/* Begin XCConfigurationList section */
		C37F80BD22A1269800BAFE40 /* Build configuration list for PBXProject "AdminApp" */ = {
			isa = XCConfigurationList;
			buildConfigurations = (
				C37F80E822A1269900BAFE40 /* Debug */,
				C37F80E922A1269900BAFE40 /* Release */,
			);
			defaultConfigurationIsVisible = 0;
			defaultConfigurationName = Release;
		};
		C37F80EA22A1269900BAFE40 /* Build configuration list for PBXNativeTarget "AdminApp" */ = {
			isa = XCConfigurationList;
			buildConfigurations = (
				C37F80EB22A1269900BAFE40 /* Debug */,
				C37F80EC22A1269900BAFE40 /* Release */,
			);
			defaultConfigurationIsVisible = 0;
			defaultConfigurationName = Release;
		};
		C37F80ED22A1269900BAFE40 /* Build configuration list for PBXNativeTarget "AdminAppTests" */ = {
			isa = XCConfigurationList;
			buildConfigurations = (
				C37F80EE22A1269900BAFE40 /* Debug */,
				C37F80EF22A1269900BAFE40 /* Release */,
			);
			defaultConfigurationIsVisible = 0;
			defaultConfigurationName = Release;
		};
		C37F80F022A1269900BAFE40 /* Build configuration list for PBXNativeTarget "AdminAppUITests" */ = {
			isa = XCConfigurationList;
			buildConfigurations = (
				C37F80F122A1269900BAFE40 /* Debug */,
				C37F80F222A1269900BAFE40 /* Release */,
			);
			defaultConfigurationIsVisible = 0;
			defaultConfigurationName = Release;
		};
/* End XCConfigurationList section */
	};
	rootObject = C37F80BA22A1269800BAFE40 /* Project object */;
}
