// !$*UTF8*$!
{
	archiveVersion = 1;
	classes = {
	};
	objectVersion = 46;
	objects = {

/* Begin PBXBuildFile section */
		C37F80C622A1269900BAFE40 /* AppDelegate.swift in Sources */ = {isa = PBXBuildFile; fileRef = C37F80C522A1269900BAFE40 /* AppDelegate.swift */; };
		C37F80C822A1269900BAFE40 /* ViewController.swift in Sources */ = {isa = PBXBuildFile; fileRef = C37F80C722A1269900BAFE40 /* ViewController.swift */; };
		C37F80CB22A1269900BAFE40 /* Main.storyboard in Resources */ = {isa = PBXBuildFile; fileRef = C37F80C922A1269900BAFE40 /* Main.storyboard */; };
		C37F80CD22A1269900BAFE40 /* Assets.xcassets in Resources */ = {isa = PBXBuildFile; fileRef = C37F80CC22A1269900BAFE40 /* Assets.xcassets */; };
		C37F80D022A1269900BAFE40 /* LaunchScreen.storyboard in Resources */ = {isa = PBXBuildFile; fileRef = C37F80CE22A1269900BAFE40 /* LaunchScreen.storyboard */; };
		C37F80DB22A1269900BAFE40 /* AdminAppTests.swift in Sources */ = {isa = PBXBuildFile; fileRef = C37F80DA22A1269900BAFE40 /* AdminAppTests.swift */; };
		C37F80E622A1269900BAFE40 /* AdminAppUITests.swift in Sources */ = {isa = PBXBuildFile; fileRef = C37F80E522A1269900BAFE40 /* AdminAppUITests.swift */; };
/* End PBXBuildFile section */

/* Begin PBXContainerItemProxy section */
		C37F80D722A1269900BAFE40 /* PBXContainerItemProxy */ = {
			isa = PBXContainerItemProxy;
			containerPortal = C37F80BA22A1269800BAFE40 /* Project object */;
			proxyType = 1;
			remoteGlobalIDString = C37F80C122A1269800BAFE40;
			remoteInfo = AdminApp;
		};
		C37F80E222A1269900BAFE40 /* PBXContainerItemProxy */ = {
			isa = PBXContainerItemProxy;
			containerPortal = C37F80BA22A1269800BAFE40 /* Project object */;
			proxyType = 1;
			remoteGlobalIDString = C37F80C122A1269800BAFE40;
			remoteInfo = AdminApp;
		};
/* End PBXContainerItemProxy section */

/* Begin PBXFileReference section */
		C37F80C222A1269900BAFE40 /* AdminApp.app */ = {isa = PBXFileReference; explicitFileType = wrapper.application; includeInIndex = 0; path = AdminApp.app; sourceTree = BUILT_PRODUCTS_DIR; };
		C37F80C522A1269900BAFE40 /* AppDelegate.swift */ = {isa = PBXFileReference; lastKnownFileType = sourcecode.swift; path = AppDelegate.swift; sourceTree = "<group>"; };
		C37F80C722A1269900BAFE40 /* ViewController.swift */ = {isa = PBXFileReference; lastKnownFileType = sourcecode.swift; path = ViewController.swift; sourceTree = "<group>"; };
		C37F80CA22A1269900BAFE40 /* Base */ = {isa = PBXFileReference; lastKnownFileType = file.storyboard; name = Base; path = Base.lproj/Main.storyboard; sourceTree = "<group>"; };
		C37F80CC22A1269900BAFE40 /* Assets.xcassets */ = {isa = PBXFileReference; lastKnownFileType = folder.assetcatalog; path = Assets.xcassets; sourceTree = "<group>"; };
		C37F80CF22A1269900BAFE40 /* Base */ = {isa = PBXFileReference; lastKnownFileType = file.storyboard; name = Base; path = Base.lproj/LaunchScreen.storyboard; sourceTree = "<group>"; };
		C37F80D122A1269900BAFE40 /* Info.plist */ = {isa = PBXFileReference; lastKnownFileType = text.plist.xml; path = Info.plist; sourceTree = "<group>"; };
		C37F80D622A1269900BAFE40 /* AdminAppTests.xctest */ = {isa = PBXFileReference; explicitFileType = wrapper.cfbundle; includeInIndex = 0; path = AdminAppTests.xctest; sourceTree = BUILT_PRODUCTS_DIR; };
		C37F80DA22A1269900BAFE40 /* AdminAppTests.swift */ = {isa = PBXFileReference; lastKnownFileType = sourcecode.swift; path = AdminAppTests.swift; sourceTree = "<group>"; };
		C37F80DC22A1269900BAFE40 /* Info.plist */ = {isa = PBXFileReference; lastKnownFileType = text.plist.xml; path = Info.plist; sourceTree = "<group>"; };
		C37F80E122A1269900BAFE40 /* AdminAppUITests.xctest */ = {isa = PBXFileReference; explicitFileType = wrapper.cfbundle; includeInIndex = 0; path = AdminAppUITests.xctest; sourceTree = BUILT_PRODUCTS_DIR; };
		C37F80E522A1269900BAFE40 /* AdminAppUITests.swift */ = {isa = PBXFileReference; lastKnownFileType = sourcecode.swift; path = AdminAppUITests.swift; sourceTree = "<group>"; };
		C37F80E722A1269900BAFE40 /* Info.plist */ = {isa = PBXFileReference; lastKnownFileType = text.plist.xml; path = Info.plist; sourceTree = "<group>"; };
/* End PBXFileReference section */

/* Begin PBXFrameworksBuildPhase section */
		C37F80BF22A1269800BAFE40 /* Frameworks */ = {
			isa = PBXFrameworksBuildPhase;
			buildActionMask = 2147483647;
			files = (
			);
			runOnlyForDeploymentPostprocessing = 0;
		};
		C37F80D322A1269900BAFE40 /* Frameworks */ = {
			isa = PBXFrameworksBuildPhase;
			buildActionMask = 2147483647;
			files = (
			);
			runOnlyForDeploymentPostprocessing = 0;
		};
		C37F80DE22A1269900BAFE40 /* Frameworks */ = {
			isa = PBXFrameworksBuildPhase;
			buildActionMask = 2147483647;
			files = (
			);
			runOnlyForDeploymentPostprocessing = 0;
		};
/* End PBXFrameworksBuildPhase section */

/* Begin PBXGroup section */
		C37F80B922A1269800BAFE40 = {
			isa = PBXGroup;
			children = (
				C37F80C422A1269900BAFE40 /* AdminApp */,
				C37F80D922A1269900BAFE40 /* AdminAppTests */,
				C37F80E422A1269900BAFE40 /* AdminAppUITests */,
				C37F80C322A1269900BAFE40 /* Products */,
			);
			sourceTree = "<group>";
		};
		C37F80C322A1269900BAFE40 /* Products */ = {
			isa = PBXGroup;
			children = (
				C37F80C222A1269900BAFE40 /* AdminApp.app */,
				C37F80D622A1269900BAFE40 /* AdminAppTests.xctest */,
				C37F80E122A1269900BAFE40 /* AdminAppUITests.xctest */,
			);
			name = Products;
			sourceTree = "<group>";
		};
		C37F80C422A1269900BAFE40 /* AdminApp */ = {
			isa = PBXGroup;
			children = (
				C37F80C522A1269900BAFE40 /* AppDelegate.swift */,
				C37F80C722A1269900BAFE40 /* ViewController.swift */,
				C37F80C922A1269900BAFE40 /* Main.storyboard */,
				C37F80CC22A1269900BAFE40 /* Assets.xcassets */,
				C37F80CE22A1269900BAFE40 /* LaunchScreen.storyboard */,
				C37F80D122A1269900BAFE40 /* Info.plist */,
			);
			path = AdminApp;
			sourceTree = "<group>";
		};
		C37F80D922A1269900BAFE40 /* AdminAppTests */ = {
			isa = PBXGroup;
			children = (
				C37F80DA22A1269900BAFE40 /* AdminAppTests.swift */,
				C37F80DC22A1269900BAFE40 /* Info.plist */,
			);
			path = AdminAppTests;
			sourceTree = "<group>";
		};
		C37F80E422A1269900BAFE40 /* AdminAppUITests */ = {
			isa = PBXGroup;
			children = (
				C37F80E522A1269900BAFE40 /* AdminAppUITests.swift */,
				C37F80E722A1269900BAFE40 /* Info.plist */,
			);
			path = AdminAppUITests;
			sourceTree = "<group>";
		};
/* End PBXGroup section */

/* Begin PBXNativeTarget section */
		C37F80C122A1269800BAFE40 /* AdminApp */ = {
			isa = PBXNativeTarget;
			buildConfigurationList = C37F80EA22A1269900BAFE40 /* Build configuration list for PBXNativeTarget "AdminApp" */;
			buildPhases = (
				C37F80BE22A1269800BAFE40 /* Sources */,
				C37F80BF22A1269800BAFE40 /* Frameworks */,
				C37F80C022A1269800BAFE40 /* Resources */,
			);
			buildRules = (
			);
			dependencies = (
			);
			name = AdminApp;
			productName = AdminApp;
			productReference = C37F80C222A1269900BAFE40 /* AdminApp.app */;
			productType = "com.apple.product-type.application";
		};
		C37F80D522A1269900BAFE40 /* AdminAppTests */ = {
			isa = PBXNativeTarget;
			buildConfigurationList = C37F80ED22A1269900BAFE40 /* Build configuration list for PBXNativeTarget "AdminAppTests" */;
			buildPhases = (
				C37F80D222A1269900BAFE40 /* Sources */,
				C37F80D322A1269900BAFE40 /* Frameworks */,
				C37F80D422A1269900BAFE40 /* Resources */,
			);
			buildRules = (
			);
			dependencies = (
				C37F80D822A1269900BAFE40 /* PBXTargetDependency */,
			);
			name = AdminAppTests;
			productName = AdminAppTests;
			productReference = C37F80D622A1269900BAFE40 /* AdminAppTests.xctest */;
			productType = "com.apple.product-type.bundle.unit-test";
		};
		C37F80E022A1269900BAFE40 /* AdminAppUITests */ = {
			isa = PBXNativeTarget;
			buildConfigurationList = C37F80F022A1269900BAFE40 /* Build configuration list for PBXNativeTarget "AdminAppUITests" */;
			buildPhases = (
				C37F80DD22A1269900BAFE40 /* Sources */,
				C37F80DE22A1269900BAFE40 /* Frameworks */,
				C37F80DF22A1269900BAFE40 /* Resources */,
			);
			buildRules = (
			);
			dependencies = (
				C37F80E322A1269900BAFE40 /* PBXTargetDependency */,
			);
			name = AdminAppUITests;
			productName = AdminAppUITests;
			productReference = C37F80E122A1269900BAFE40 /* AdminAppUITests.xctest */;
			productType = "com.apple.product-type.bundle.ui-testing";
		};
/* End PBXNativeTarget section */

/* Begin PBXProject section */
		C37F80BA22A1269800BAFE40 /* Project object */ = {
			isa = PBXProject;
			attributes = {
				LastSwiftUpdateCheck = 0820;
				LastUpgradeCheck = 0820;
				ORGANIZATIONNAME = Jets39;
				TargetAttributes = {
					C37F80C122A1269800BAFE40 = {
						CreatedOnToolsVersion = 8.2.1;
						ProvisioningStyle = Automatic;
					};
					C37F80D522A1269900BAFE40 = {
						CreatedOnToolsVersion = 8.2.1;
						ProvisioningStyle = Automatic;
						TestTargetID = C37F80C122A1269800BAFE40;
					};
					C37F80E022A1269900BAFE40 = {
						CreatedOnToolsVersion = 8.2.1;
						ProvisioningStyle = Automatic;
						TestTargetID = C37F80C122A1269800BAFE40;
					};
				};
			};
			buildConfigurationList = C37F80BD22A1269800BAFE40 /* Build configuration list for PBXProject "AdminApp" */;
			compatibilityVersion = "Xcode 3.2";
			developmentRegion = English;
			hasScannedForEncodings = 0;
			knownRegions = (
				en,
				Base,
			);
			mainGroup = C37F80B922A1269800BAFE40;
			productRefGroup = C37F80C322A1269900BAFE40 /* Products */;
			projectDirPath = "";
			projectRoot = "";
			targets = (
				C37F80C122A1269800BAFE40 /* AdminApp */,
				C37F80D522A1269900BAFE40 /* AdminAppTests */,
				C37F80E022A1269900BAFE40 /* AdminAppUITests */,
			);
		};
/* End PBXProject section */

/* Begin PBXResourcesBuildPhase section */
		C37F80C022A1269800BAFE40 /* Resources */ = {
			isa = PBXResourcesBuildPhase;
			buildActionMask = 2147483647;
			files = (
				C37F80D022A1269900BAFE40 /* LaunchScreen.storyboard in Resources */,
				C37F80CD22A1269900BAFE40 /* Assets.xcassets in Resources */,
				C37F80CB22A1269900BAFE40 /* Main.storyboard in Resources */,
			);
			runOnlyForDeploymentPostprocessing = 0;
		};
		C37F80D422A1269900BAFE40 /* Resources */ = {
			isa = PBXResourcesBuildPhase;
			buildActionMask = 2147483647;
			files = (
			);
			runOnlyForDeploymentPostprocessing = 0;
		};
		C37F80DF22A1269900BAFE40 /* Resources */ = {
			isa = PBXResourcesBuildPhase;
			buildActionMask = 2147483647;
			files = (
			);
			runOnlyForDeploymentPostprocessing = 0;
		};
/* End PBXResourcesBuildPhase section */

/* Begin PBXSourcesBuildPhase section */
		C37F80BE22A1269800BAFE40 /* Sources */ = {
			isa = PBXSourcesBuildPhase;
			buildActionMask = 2147483647;
			files = (
				C37F80C822A1269900BAFE40 /* ViewController.swift in Sources */,
				C37F80C622A1269900BAFE40 /* AppDelegate.swift in Sources */,
			);
			runOnlyForDeploymentPostprocessing = 0;
		};
		C37F80D222A1269900BAFE40 /* Sources */ = {
			isa = PBXSourcesBuildPhase;
			buildActionMask = 2147483647;
			files = (
				C37F80DB22A1269900BAFE40 /* AdminAppTests.swift in Sources */,
			);
			runOnlyForDeploymentPostprocessing = 0;
		};
		C37F80DD22A1269900BAFE40 /* Sources */ = {
			isa = PBXSourcesBuildPhase;
			buildActionMask = 2147483647;
			files = (
				C37F80E622A1269900BAFE40 /* AdminAppUITests.swift in Sources */,
			);
			runOnlyForDeploymentPostprocessing = 0;
		};
/* End PBXSourcesBuildPhase section */

/* Begin PBXTargetDependency section */
		C37F80D822A1269900BAFE40 /* PBXTargetDependency */ = {
			isa = PBXTargetDependency;
			target = C37F80C122A1269800BAFE40 /* AdminApp */;
			targetProxy = C37F80D722A1269900BAFE40 /* PBXContainerItemProxy */;
		};
		C37F80E322A1269900BAFE40 /* PBXTargetDependency */ = {
			isa = PBXTargetDependency;
			target = C37F80C122A1269800BAFE40 /* AdminApp */;
			targetProxy = C37F80E222A1269900BAFE40 /* PBXContainerItemProxy */;
		};
/* End PBXTargetDependency section */

/* Begin PBXVariantGroup section */
		C37F80C922A1269900BAFE40 /* Main.storyboard */ = {
			isa = PBXVariantGroup;
			children = (
				C37F80CA22A1269900BAFE40 /* Base */,
			);
			name = Main.storyboard;
			sourceTree = "<group>";
		};
		C37F80CE22A1269900BAFE40 /* LaunchScreen.storyboard */ = {
			isa = PBXVariantGroup;
			children = (
				C37F80CF22A1269900BAFE40 /* Base */,
			);
			name = LaunchScreen.storyboard;
			sourceTree = "<group>";
		};
/* End PBXVariantGroup section */

/* Begin XCBuildConfiguration section */
		C37F80E822A1269900BAFE40 /* Debug */ = {
			isa = XCBuildConfiguration;
			buildSettings = {
				ALWAYS_SEARCH_USER_PATHS = NO;
				CLANG_ANALYZER_NONNULL = YES;
				CLANG_CXX_LANGUAGE_STANDARD = "gnu++0x";
				CLANG_CXX_LIBRARY = "libc++";
				CLANG_ENABLE_MODULES = YES;
				CLANG_ENABLE_OBJC_ARC = YES;
				CLANG_WARN_BOOL_CONVERSION = YES;
				CLANG_WARN_CONSTANT_CONVERSION = YES;
				CLANG_WARN_DIRECT_OBJC_ISA_USAGE = YES_ERROR;
				CLANG_WARN_DOCUMENTATION_COMMENTS = YES;
				CLANG_WARN_EMPTY_BODY = YES;
				CLANG_WARN_ENUM_CONVERSION = YES;
				CLANG_WARN_INFINITE_RECURSION = YES;
				CLANG_WARN_INT_CONVERSION = YES;
				CLANG_WARN_OBJC_ROOT_CLASS = YES_ERROR;
				CLANG_WARN_SUSPICIOUS_MOVE = YES;
				CLANG_WARN_UNREACHABLE_CODE = YES;
				CLANG_WARN__DUPLICATE_METHOD_MATCH = YES;
				"CODE_SIGN_IDENTITY[sdk=iphoneos*]" = "iPhone Developer";
				COPY_PHASE_STRIP = NO;
				DEBUG_INFORMATION_FORMAT = dwarf;
				ENABLE_STRICT_OBJC_MSGSEND = YES;
				ENABLE_TESTABILITY = YES;
				GCC_C_LANGUAGE_STANDARD = gnu99;
				GCC_DYNAMIC_NO_PIC = NO;
				GCC_NO_COMMON_BLOCKS = YES;
				GCC_OPTIMIZATION_LEVEL = 0;
				GCC_PREPROCESSOR_DEFINITIONS = (
					"DEBUG=1",
					"$(inherited)",
				);
				GCC_WARN_64_TO_32_BIT_CONVERSION = YES;
				GCC_WARN_ABOUT_RETURN_TYPE = YES_ERROR;
				GCC_WARN_UNDECLARED_SELECTOR = YES;
				GCC_WARN_UNINITIALIZED_AUTOS = YES_AGGRESSIVE;
				GCC_WARN_UNUSED_FUNCTION = YES;
				GCC_WARN_UNUSED_VARIABLE = YES;
				IPHONEOS_DEPLOYMENT_TARGET = 10.2;
				MTL_ENABLE_DEBUG_INFO = YES;
				ONLY_ACTIVE_ARCH = YES;
				SDKROOT = iphoneos;
				SWIFT_ACTIVE_COMPILATION_CONDITIONS = DEBUG;
				SWIFT_OPTIMIZATION_LEVEL = "-Onone";
				TARGETED_DEVICE_FAMILY = "1,2";
			};
			name = Debug;
		};
		C37F80E922A1269900BAFE40 /* Release */ = {
			isa = XCBuildConfiguration;
			buildSettings = {
				ALWAYS_SEARCH_USER_PATHS = NO;
				CLANG_ANALYZER_NONNULL = YES;
				CLANG_CXX_LANGUAGE_STANDARD = "gnu++0x";
				CLANG_CXX_LIBRARY = "libc++";
				CLANG_ENABLE_MODULES = YES;
				CLANG_ENABLE_OBJC_ARC = YES;
				CLANG_WARN_BOOL_CONVERSION = YES;
				CLANG_WARN_CONSTANT_CONVERSION = YES;
				CLANG_WARN_DIRECT_OBJC_ISA_USAGE = YES_ERROR;
				CLANG_WARN_DOCUMENTATION_COMMENTS = YES;
				CLANG_WARN_EMPTY_BODY = YES;
				CLANG_WARN_ENUM_CONVERSION = YES;
				CLANG_WARN_INFINITE_RECURSION = YES;
				CLANG_WARN_INT_CONVERSION = YES;
				CLANG_WARN_OBJC_ROOT_CLASS = YES_ERROR;
				CLANG_WARN_SUSPICIOUS_MOVE = YES;
				CLANG_WARN_UNREACHABLE_CODE = YES;
				CLANG_WARN__DUPLICATE_METHOD_MATCH = YES;
				"CODE_SIGN_IDENTITY[sdk=iphoneos*]" = "iPhone Developer";
				COPY_PHASE_STRIP = NO;
				DEBUG_INFORMATION_FORMAT = "dwarf-with-dsym";
				ENABLE_NS_ASSERTIONS = NO;
				ENABLE_STRICT_OBJC_MSGSEND = YES;
				GCC_C_LANGUAGE_STANDARD = gnu99;
				GCC_NO_COMMON_BLOCKS = YES;
				GCC_WARN_64_TO_32_BIT_CONVERSION = YES;
				GCC_WARN_ABOUT_RETURN_TYPE = YES_ERROR;
				GCC_WARN_UNDECLARED_SELECTOR = YES;
				GCC_WARN_UNINITIALIZED_AUTOS = YES_AGGRESSIVE;
				GCC_WARN_UNUSED_FUNCTION = YES;
				GCC_WARN_UNUSED_VARIABLE = YES;
				IPHONEOS_DEPLOYMENT_TARGET = 10.2;
				MTL_ENABLE_DEBUG_INFO = NO;
				SDKROOT = iphoneos;
				SWIFT_OPTIMIZATION_LEVEL = "-Owholemodule";
				TARGETED_DEVICE_FAMILY = "1,2";
				VALIDATE_PRODUCT = YES;
			};
			name = Release;
		};
		C37F80EB22A1269900BAFE40 /* Debug */ = {
			isa = XCBuildConfiguration;
			buildSettings = {
				ASSETCATALOG_COMPILER_APPICON_NAME = AppIcon;
				INFOPLIST_FILE = AdminApp/Info.plist;
				LD_RUNPATH_SEARCH_PATHS = "$(inherited) @executable_path/Frameworks";
				PRODUCT_BUNDLE_IDENTIFIER = iti.AdminApp;
				PRODUCT_NAME = "$(TARGET_NAME)";
				SWIFT_VERSION = 3.0;
			};
			name = Debug;
		};
		C37F80EC22A1269900BAFE40 /* Release */ = {
			isa = XCBuildConfiguration;
			buildSettings = {
				ASSETCATALOG_COMPILER_APPICON_NAME = AppIcon;
				INFOPLIST_FILE = AdminApp/Info.plist;
				LD_RUNPATH_SEARCH_PATHS = "$(inherited) @executable_path/Frameworks";
				PRODUCT_BUNDLE_IDENTIFIER = iti.AdminApp;
				PRODUCT_NAME = "$(TARGET_NAME)";
				SWIFT_VERSION = 3.0;
			};
			name = Release;
		};
		C37F80EE22A1269900BAFE40 /* Debug */ = {
			isa = XCBuildConfiguration;
			buildSettings = {
				ALWAYS_EMBED_SWIFT_STANDARD_LIBRARIES = YES;
				BUNDLE_LOADER = "$(TEST_HOST)";
				INFOPLIST_FILE = AdminAppTests/Info.plist;
				LD_RUNPATH_SEARCH_PATHS = "$(inherited) @executable_path/Frameworks @loader_path/Frameworks";
				PRODUCT_BUNDLE_IDENTIFIER = iti.AdminAppTests;
				PRODUCT_NAME = "$(TARGET_NAME)";
				SWIFT_VERSION = 3.0;
				TEST_HOST = "$(BUILT_PRODUCTS_DIR)/AdminApp.app/AdminApp";
			};
			name = Debug;
		};
		C37F80EF22A1269900BAFE40 /* Release */ = {
			isa = XCBuildConfiguration;
			buildSettings = {
				ALWAYS_EMBED_SWIFT_STANDARD_LIBRARIES = YES;
				BUNDLE_LOADER = "$(TEST_HOST)";
				INFOPLIST_FILE = AdminAppTests/Info.plist;
				LD_RUNPATH_SEARCH_PATHS = "$(inherited) @executable_path/Frameworks @loader_path/Frameworks";
				PRODUCT_BUNDLE_IDENTIFIER = iti.AdminAppTests;
				PRODUCT_NAME = "$(TARGET_NAME)";
				SWIFT_VERSION = 3.0;
				TEST_HOST = "$(BUILT_PRODUCTS_DIR)/AdminApp.app/AdminApp";
			};
			name = Release;
		};
		C37F80F122A1269900BAFE40 /* Debug */ = {
			isa = XCBuildConfiguration;
			buildSettings = {
				ALWAYS_EMBED_SWIFT_STANDARD_LIBRARIES = YES;
				INFOPLIST_FILE = AdminAppUITests/Info.plist;
				LD_RUNPATH_SEARCH_PATHS = "$(inherited) @executable_path/Frameworks @loader_path/Frameworks";
				PRODUCT_BUNDLE_IDENTIFIER = iti.AdminAppUITests;
				PRODUCT_NAME = "$(TARGET_NAME)";
				SWIFT_VERSION = 3.0;
				TEST_TARGET_NAME = AdminApp;
			};
			name = Debug;
		};
		C37F80F222A1269900BAFE40 /* Release */ = {
			isa = XCBuildConfiguration;
			buildSettings = {
				ALWAYS_EMBED_SWIFT_STANDARD_LIBRARIES = YES;
				INFOPLIST_FILE = AdminAppUITests/Info.plist;
				LD_RUNPATH_SEARCH_PATHS = "$(inherited) @executable_path/Frameworks @loader_path/Frameworks";
				PRODUCT_BUNDLE_IDENTIFIER = iti.AdminAppUITests;
				PRODUCT_NAME = "$(TARGET_NAME)";
				SWIFT_VERSION = 3.0;
				TEST_TARGET_NAME = AdminApp;
			};
			name = Release;
		};
/* End XCBuildConfiguration section */

/* Begin XCConfigurationList section */
		C37F80BD22A1269800BAFE40 /* Build configuration list for PBXProject "AdminApp" */ = {
			isa = XCConfigurationList;
			buildConfigurations = (
				C37F80E822A1269900BAFE40 /* Debug */,
				C37F80E922A1269900BAFE40 /* Release */,
			);
			defaultConfigurationIsVisible = 0;
			defaultConfigurationName = Release;
		};
		C37F80EA22A1269900BAFE40 /* Build configuration list for PBXNativeTarget "AdminApp" */ = {
			isa = XCConfigurationList;
			buildConfigurations = (
				C37F80EB22A1269900BAFE40 /* Debug */,
				C37F80EC22A1269900BAFE40 /* Release */,
			);
			defaultConfigurationIsVisible = 0;
		};
		C37F80ED22A1269900BAFE40 /* Build configuration list for PBXNativeTarget "AdminAppTests" */ = {
			isa = XCConfigurationList;
			buildConfigurations = (
				C37F80EE22A1269900BAFE40 /* Debug */,
				C37F80EF22A1269900BAFE40 /* Release */,
			);
			defaultConfigurationIsVisible = 0;
		};
		C37F80F022A1269900BAFE40 /* Build configuration list for PBXNativeTarget "AdminAppUITests" */ = {
			isa = XCConfigurationList;
			buildConfigurations = (
				C37F80F122A1269900BAFE40 /* Debug */,
				C37F80F222A1269900BAFE40 /* Release */,
			);
			defaultConfigurationIsVisible = 0;
		};
/* End XCConfigurationList section */
	};
	rootObject = C37F80BA22A1269800BAFE40 /* Project object */;
}
